
Microsoft Visual Studio Solution File, Format Version 12.00
# Visual Studio Version 16
VisualStudioVersion = 16.0.31515.178
MinimumVisualStudioVersion = 10.0.40219.1
Project("{FAE04EC0-301F-11D3-BF4B-00C04F79EFBC}") = "TheBucket.Models", "TheBucket.Models\TheBucket.Models.csproj", "{37B96C95-41B1-458C-9268-C93DE833B7D1}"
EndProject
Project("{FAE04EC0-301F-11D3-BF4B-00C04F79EFBC}") = "TheBucket.Tests", "TheBucket.Tests\TheBucket.Tests.csproj", "{AA263932-AC0E-4B82-9932-290A86C32578}"
EndProject
Global
	GlobalSection(SolutionConfigurationPlatforms) = preSolution
		Debug|Any CPU = Debug|Any CPU
		Release|Any CPU = Release|Any CPU
	EndGlobalSection
	GlobalSection(ProjectConfigurationPlatforms) = postSolution
		{37B96C95-41B1-458C-9268-C93DE833B7D1}.Debug|Any CPU.ActiveCfg = Debug|Any CPU
		{37B96C95-41B1-458C-9268-C93DE833B7D1}.Debug|Any CPU.Build.0 = Debug|Any CPU
		{37B96C95-41B1-458C-9268-C93DE833B7D1}.Release|Any CPU.ActiveCfg = Release|Any CPU
		{37B96C95-41B1-458C-9268-C93DE833B7D1}.Release|Any CPU.Build.0 = Release|Any CPU
		{AA263932-AC0E-4B82-9932-290A86C32578}.Debug|Any CPU.ActiveCfg = Debug|Any CPU
		{AA263932-AC0E-4B82-9932-290A86C32578}.Debug|Any CPU.Build.0 = Debug|Any CPU
		{AA263932-AC0E-4B82-9932-290A86C32578}.Release|Any CPU.ActiveCfg = Release|Any CPU
		{AA263932-AC0E-4B82-9932-290A86C32578}.Release|Any CPU.Build.0 = Release|Any CPU
	EndGlobalSection
	GlobalSection(SolutionProperties) = preSolution
		HideSolutionNode = FALSE
	EndGlobalSection
	GlobalSection(ExtensibilityGlobals) = postSolution
		SolutionGuid = {ACA06EB8-F5F6-47C7-80DB-5B5EE40FD3F7}
	EndGlobalSection
EndGlobal
